
Microsoft Visual Studio Solution File, Format Version 12.00
# Visual Studio Version 17
VisualStudioVersion = 17.0.31919.166
MinimumVisualStudioVersion = 10.0.40219.1
Project("{FAE04EC0-301F-11D3-BF4B-00C04F79EFBC}") = "MorpionApp", "MorpionApp.csproj", "{A0418F92-68EA-4091-BC49-D5F9652BBFA7}"
EndProject
Global
	GlobalSection(SolutionConfigurationPlatforms) = preSolution
		Debug|Any CPU = Debug|Any CPU
		Release|Any CPU = Release|Any CPU
	EndGlobalSection
	GlobalSection(ProjectConfigurationPlatforms) = postSolution
		{A0418F92-68EA-4091-BC49-D5F9652BBFA7}.Debug|Any CPU.ActiveCfg = Debug|Any CPU
		{A0418F92-68EA-4091-BC49-D5F9652BBFA7}.Debug|Any CPU.Build.0 = Debug|Any CPU
		{A0418F92-68EA-4091-BC49-D5F9652BBFA7}.Release|Any CPU.ActiveCfg = Release|Any CPU
		{A0418F92-68EA-4091-BC49-D5F9652BBFA7}.Release|Any CPU.Build.0 = Release|Any CPU
	EndGlobalSection
	GlobalSection(SolutionProperties) = preSolution
		HideSolutionNode = FALSE
	EndGlobalSection
	GlobalSection(ExtensibilityGlobals) = postSolution
		SolutionGuid = {A626C4AC-4266-4C52-A312-BEBAF3D772E9}
	EndGlobalSection
EndGlobal
